
Microsoft Visual Studio Solution File, Format Version 12.00
# Visual Studio Version 17
VisualStudioVersion = 17.11.35208.52
MinimumVisualStudioVersion = 10.0.40219.1
Project("{2150E333-8FDC-42A3-9474-1A3956D46DE8}") = "Services", "Services", "{804F814D-2B97-45FF-8AAD-F42BD0212EC9}"
EndProject
Project("{2150E333-8FDC-42A3-9474-1A3956D46DE8}") = "BuildingBlocks", "BuildingBlocks", "{76C7EAE5-786E-479C-AFF8-660F8B1E9960}"
EndProject
Project("{2150E333-8FDC-42A3-9474-1A3956D46DE8}") = "HotelManagement", "HotelManagement", "{0517B128-6C5E-4F2D-A0CB-079D4F983B51}"
EndProject
Project("{9A19103F-16F7-4668-BE54-9A1E7A4F7556}") = "HotelManagement.API", "Services\HotelManagement\HotelManagement.API\HotelManagement.API.csproj", "{DDB769CF-04C4-4BE4-939A-43927E1C242E}"
EndProject
Project("{9A19103F-16F7-4668-BE54-9A1E7A4F7556}") = "BuildingBlocks", "BuildingBlocks\BuildingBlocks\BuildingBlocks.csproj", "{DA74F38E-F978-4A29-ACA3-2C454EFB33C7}"
EndProject
Project("{E53339B2-1760-4266-BCC7-CA923CBCF16C}") = "docker-compose", "docker-compose.dcproj", "{39551352-5683-4F6C-9D87-0419684F7B87}"
EndProject
Global
	GlobalSection(SolutionConfigurationPlatforms) = preSolution
		Debug|Any CPU = Debug|Any CPU
		Release|Any CPU = Release|Any CPU
	EndGlobalSection
	GlobalSection(ProjectConfigurationPlatforms) = postSolution
		{DDB769CF-04C4-4BE4-939A-43927E1C242E}.Debug|Any CPU.ActiveCfg = Debug|Any CPU
		{DDB769CF-04C4-4BE4-939A-43927E1C242E}.Debug|Any CPU.Build.0 = Debug|Any CPU
		{DDB769CF-04C4-4BE4-939A-43927E1C242E}.Release|Any CPU.ActiveCfg = Release|Any CPU
		{DDB769CF-04C4-4BE4-939A-43927E1C242E}.Release|Any CPU.Build.0 = Release|Any CPU
		{DA74F38E-F978-4A29-ACA3-2C454EFB33C7}.Debug|Any CPU.ActiveCfg = Debug|Any CPU
		{DA74F38E-F978-4A29-ACA3-2C454EFB33C7}.Debug|Any CPU.Build.0 = Debug|Any CPU
		{DA74F38E-F978-4A29-ACA3-2C454EFB33C7}.Release|Any CPU.ActiveCfg = Release|Any CPU
		{DA74F38E-F978-4A29-ACA3-2C454EFB33C7}.Release|Any CPU.Build.0 = Release|Any CPU
		{39551352-5683-4F6C-9D87-0419684F7B87}.Debug|Any CPU.ActiveCfg = Debug|Any CPU
		{39551352-5683-4F6C-9D87-0419684F7B87}.Debug|Any CPU.Build.0 = Debug|Any CPU
		{39551352-5683-4F6C-9D87-0419684F7B87}.Release|Any CPU.ActiveCfg = Release|Any CPU
		{39551352-5683-4F6C-9D87-0419684F7B87}.Release|Any CPU.Build.0 = Release|Any CPU
	EndGlobalSection
	GlobalSection(SolutionProperties) = preSolution
		HideSolutionNode = FALSE
	EndGlobalSection
	GlobalSection(NestedProjects) = preSolution
		{0517B128-6C5E-4F2D-A0CB-079D4F983B51} = {804F814D-2B97-45FF-8AAD-F42BD0212EC9}
		{DDB769CF-04C4-4BE4-939A-43927E1C242E} = {0517B128-6C5E-4F2D-A0CB-079D4F983B51}
		{DA74F38E-F978-4A29-ACA3-2C454EFB33C7} = {76C7EAE5-786E-479C-AFF8-660F8B1E9960}
	EndGlobalSection
	GlobalSection(ExtensibilityGlobals) = postSolution
		SolutionGuid = {3E2F3DE8-DF14-4833-AB7E-6C3B9B324CEB}
	EndGlobalSection
EndGlobal
