
Microsoft Visual Studio Solution File, Format Version 12.00
# Visual Studio Version 17
VisualStudioVersion = 17.11.35208.52
MinimumVisualStudioVersion = 10.0.40219.1
Project("{2150E333-8FDC-42A3-9474-1A3956D46DE8}") = "Services", "Services", "{804F814D-2B97-45FF-8AAD-F42BD0212EC9}"
EndProject
Project("{2150E333-8FDC-42A3-9474-1A3956D46DE8}") = "BuildingBlocks", "BuildingBlocks", "{76C7EAE5-786E-479C-AFF8-660F8B1E9960}"
EndProject
Project("{2150E333-8FDC-42A3-9474-1A3956D46DE8}") = "HotelManagement", "HotelManagement", "{0517B128-6C5E-4F2D-A0CB-079D4F983B51}"
EndProject
Project("{9A19103F-16F7-4668-BE54-9A1E7A4F7556}") = "HotelManagement.API", "Services\HotelManagement\HotelManagement.API\HotelManagement.API.csproj", "{DDB769CF-04C4-4BE4-939A-43927E1C242E}"
EndProject
Project("{9A19103F-16F7-4668-BE54-9A1E7A4F7556}") = "BuildingBlocks", "BuildingBlocks\BuildingBlocks\BuildingBlocks.csproj", "{DA74F38E-F978-4A29-ACA3-2C454EFB33C7}"
EndProject
Project("{E53339B2-1760-4266-BCC7-CA923CBCF16C}") = "docker-compose", "docker-compose.dcproj", "{39551352-5683-4F6C-9D87-0419684F7B87}"
EndProject
Project("{2150E333-8FDC-42A3-9474-1A3956D46DE8}") = "GuestManagement", "GuestManagement", "{D4767A41-331A-4D7E-A250-A84F98DD0A77}"
EndProject
Project("{9A19103F-16F7-4668-BE54-9A1E7A4F7556}") = "GuestManagement.API", "Services\GuestManagement\GuestManagement.API\GuestManagement.API.csproj", "{E6988006-1AB8-4E18-9609-115FB3E4DE48}"
EndProject
Project("{2150E333-8FDC-42A3-9474-1A3956D46DE8}") = "BookingManagement", "BookingManagement", "{96B24065-9052-4039-BD2E-E23AF0DCBFB8}"
EndProject
Project("{9A19103F-16F7-4668-BE54-9A1E7A4F7556}") = "BookingManagement.API", "Services\BookingManagement\BookingManagement.API\BookingManagement.API.csproj", "{B3C113F5-5A5E-4362-B0A0-64664C4B5A14}"
EndProject
Project("{2150E333-8FDC-42A3-9474-1A3956D46DE8}") = "PaymentManagement", "PaymentManagement", "{284900D1-5655-4ADF-8728-1FF227902DB0}"
EndProject
Project("{9A19103F-16F7-4668-BE54-9A1E7A4F7556}") = "PaymentManagement.API", "Services\PaymentManagement\PaymentManagement.API\PaymentManagement.API.csproj", "{0BD3B8EB-71A1-4788-9D62-70CD132B2741}"
EndProject
Project("{2150E333-8FDC-42A3-9474-1A3956D46DE8}") = "StaffManagement", "StaffManagement", "{D3A0B3E1-8227-40D0-9E91-56723993A0F3}"
EndProject
Project("{9A19103F-16F7-4668-BE54-9A1E7A4F7556}") = "StaffManagement.API", "Services\StaffManagement\StaffManagement.API\StaffManagement.API.csproj", "{FF284AB8-C0FF-4C2A-8917-A1919AE27023}"
EndProject
Project("{2150E333-8FDC-42A3-9474-1A3956D46DE8}") = "NotificationManagement", "NotificationManagement", "{E9387DD5-41F5-493D-9F43-FFE4C9ADBC9A}"
EndProject
Project("{9A19103F-16F7-4668-BE54-9A1E7A4F7556}") = "NotificationManagement.API", "Services\NotificationManagement\NotificationManagement.API\NotificationManagement.API.csproj", "{358FE35C-9833-4299-95B5-2952E2E73FF6}"
EndProject
Project("{9A19103F-16F7-4668-BE54-9A1E7A4F7556}") = "BuildingBlocks.Messaging", "BuildingBlocks\BuildingBlocks.Messaging\BuildingBlocks.Messaging.csproj", "{6C8E7FFB-7E85-4A4E-BC26-3F0FA34CF930}"
EndProject
Project("{2150E333-8FDC-42A3-9474-1A3956D46DE8}") = "IdentityManagement", "IdentityManagement", "{0278A54D-FC27-4E1B-B7BD-E72C185B8F2B}"
EndProject
Project("{9A19103F-16F7-4668-BE54-9A1E7A4F7556}") = "IdentityManagement.API", "Services\IdentityManagement\IdentityManagement.API\IdentityManagement.API.csproj", "{82093A47-CAC5-4938-9F76-ECEA6CC3AA28}"
EndProject
Project("{2150E333-8FDC-42A3-9474-1A3956D46DE8}") = "WebApps", "WebApps", "{82B398E2-D1CF-41FA-988D-E38E98C5BFEF}"
EndProject
Project("{9A19103F-16F7-4668-BE54-9A1E7A4F7556}") = "Hotel.Web", "Services\WebApps\Hotel.Web\Hotel.Web.csproj", "{A1E032DB-FE13-428C-BD34-8D1055415826}"
EndProject
Project("{2150E333-8FDC-42A3-9474-1A3956D46DE8}") = "Authentication", "Authentication", "{A0A61E2C-14DB-4C69-8664-073A2328009A}"
EndProject
Project("{9A19103F-16F7-4668-BE54-9A1E7A4F7556}") = "Authentication.API", "Services\Authentication\Authentication.API\Authentication.API.csproj", "{659AC650-EC65-400D-8190-2D2F2E53E3FE}"
EndProject
Project("{2150E333-8FDC-42A3-9474-1A3956D46DE8}") = "ApiGateways", "ApiGateways", "{B5B14763-D805-4D0C-B321-98FBA8356210}"
EndProject
Project("{9A19103F-16F7-4668-BE54-9A1E7A4F7556}") = "OcelotApiGateway", "ApiGateways\OcelotApiGateway\OcelotApiGateway.csproj", "{18FCAE35-262E-4E60-91C8-27777955ABDC}"
EndProject
Project("{9A19103F-16F7-4668-BE54-9A1E7A4F7556}") = "Admin.Web", "Services\WebApps\Admin.Web\Admin.Web\Admin.Web.csproj", "{AA2E4082-C7AF-4B8D-8AF2-0434011A7D8C}"
EndProject
Global
	GlobalSection(SolutionConfigurationPlatforms) = preSolution
		Debug|Any CPU = Debug|Any CPU
		Release|Any CPU = Release|Any CPU
	EndGlobalSection
	GlobalSection(ProjectConfigurationPlatforms) = postSolution
		{DDB769CF-04C4-4BE4-939A-43927E1C242E}.Debug|Any CPU.ActiveCfg = Debug|Any CPU
		{DDB769CF-04C4-4BE4-939A-43927E1C242E}.Debug|Any CPU.Build.0 = Debug|Any CPU
		{DDB769CF-04C4-4BE4-939A-43927E1C242E}.Release|Any CPU.ActiveCfg = Release|Any CPU
		{DDB769CF-04C4-4BE4-939A-43927E1C242E}.Release|Any CPU.Build.0 = Release|Any CPU
		{DA74F38E-F978-4A29-ACA3-2C454EFB33C7}.Debug|Any CPU.ActiveCfg = Debug|Any CPU
		{DA74F38E-F978-4A29-ACA3-2C454EFB33C7}.Debug|Any CPU.Build.0 = Debug|Any CPU
		{DA74F38E-F978-4A29-ACA3-2C454EFB33C7}.Release|Any CPU.ActiveCfg = Release|Any CPU
		{DA74F38E-F978-4A29-ACA3-2C454EFB33C7}.Release|Any CPU.Build.0 = Release|Any CPU
		{39551352-5683-4F6C-9D87-0419684F7B87}.Debug|Any CPU.ActiveCfg = Debug|Any CPU
		{39551352-5683-4F6C-9D87-0419684F7B87}.Debug|Any CPU.Build.0 = Debug|Any CPU
		{39551352-5683-4F6C-9D87-0419684F7B87}.Release|Any CPU.ActiveCfg = Release|Any CPU
		{39551352-5683-4F6C-9D87-0419684F7B87}.Release|Any CPU.Build.0 = Release|Any CPU
		{E6988006-1AB8-4E18-9609-115FB3E4DE48}.Debug|Any CPU.ActiveCfg = Debug|Any CPU
		{E6988006-1AB8-4E18-9609-115FB3E4DE48}.Debug|Any CPU.Build.0 = Debug|Any CPU
		{E6988006-1AB8-4E18-9609-115FB3E4DE48}.Release|Any CPU.ActiveCfg = Release|Any CPU
		{E6988006-1AB8-4E18-9609-115FB3E4DE48}.Release|Any CPU.Build.0 = Release|Any CPU
		{B3C113F5-5A5E-4362-B0A0-64664C4B5A14}.Debug|Any CPU.ActiveCfg = Debug|Any CPU
		{B3C113F5-5A5E-4362-B0A0-64664C4B5A14}.Debug|Any CPU.Build.0 = Debug|Any CPU
		{B3C113F5-5A5E-4362-B0A0-64664C4B5A14}.Release|Any CPU.ActiveCfg = Release|Any CPU
		{B3C113F5-5A5E-4362-B0A0-64664C4B5A14}.Release|Any CPU.Build.0 = Release|Any CPU
		{0BD3B8EB-71A1-4788-9D62-70CD132B2741}.Debug|Any CPU.ActiveCfg = Debug|Any CPU
		{0BD3B8EB-71A1-4788-9D62-70CD132B2741}.Debug|Any CPU.Build.0 = Debug|Any CPU
		{0BD3B8EB-71A1-4788-9D62-70CD132B2741}.Release|Any CPU.ActiveCfg = Release|Any CPU
		{0BD3B8EB-71A1-4788-9D62-70CD132B2741}.Release|Any CPU.Build.0 = Release|Any CPU
		{FF284AB8-C0FF-4C2A-8917-A1919AE27023}.Debug|Any CPU.ActiveCfg = Debug|Any CPU
		{FF284AB8-C0FF-4C2A-8917-A1919AE27023}.Debug|Any CPU.Build.0 = Debug|Any CPU
		{FF284AB8-C0FF-4C2A-8917-A1919AE27023}.Release|Any CPU.ActiveCfg = Release|Any CPU
		{FF284AB8-C0FF-4C2A-8917-A1919AE27023}.Release|Any CPU.Build.0 = Release|Any CPU
		{358FE35C-9833-4299-95B5-2952E2E73FF6}.Debug|Any CPU.ActiveCfg = Debug|Any CPU
		{358FE35C-9833-4299-95B5-2952E2E73FF6}.Debug|Any CPU.Build.0 = Debug|Any CPU
		{358FE35C-9833-4299-95B5-2952E2E73FF6}.Release|Any CPU.ActiveCfg = Release|Any CPU
		{358FE35C-9833-4299-95B5-2952E2E73FF6}.Release|Any CPU.Build.0 = Release|Any CPU
		{6C8E7FFB-7E85-4A4E-BC26-3F0FA34CF930}.Debug|Any CPU.ActiveCfg = Debug|Any CPU
		{6C8E7FFB-7E85-4A4E-BC26-3F0FA34CF930}.Debug|Any CPU.Build.0 = Debug|Any CPU
		{6C8E7FFB-7E85-4A4E-BC26-3F0FA34CF930}.Release|Any CPU.ActiveCfg = Release|Any CPU
		{6C8E7FFB-7E85-4A4E-BC26-3F0FA34CF930}.Release|Any CPU.Build.0 = Release|Any CPU
		{82093A47-CAC5-4938-9F76-ECEA6CC3AA28}.Debug|Any CPU.ActiveCfg = Debug|Any CPU
		{82093A47-CAC5-4938-9F76-ECEA6CC3AA28}.Debug|Any CPU.Build.0 = Debug|Any CPU
		{82093A47-CAC5-4938-9F76-ECEA6CC3AA28}.Release|Any CPU.ActiveCfg = Release|Any CPU
		{82093A47-CAC5-4938-9F76-ECEA6CC3AA28}.Release|Any CPU.Build.0 = Release|Any CPU
		{A1E032DB-FE13-428C-BD34-8D1055415826}.Debug|Any CPU.ActiveCfg = Debug|Any CPU
		{A1E032DB-FE13-428C-BD34-8D1055415826}.Debug|Any CPU.Build.0 = Debug|Any CPU
		{A1E032DB-FE13-428C-BD34-8D1055415826}.Release|Any CPU.ActiveCfg = Release|Any CPU
		{A1E032DB-FE13-428C-BD34-8D1055415826}.Release|Any CPU.Build.0 = Release|Any CPU
		{659AC650-EC65-400D-8190-2D2F2E53E3FE}.Debug|Any CPU.ActiveCfg = Debug|Any CPU
		{659AC650-EC65-400D-8190-2D2F2E53E3FE}.Debug|Any CPU.Build.0 = Debug|Any CPU
		{659AC650-EC65-400D-8190-2D2F2E53E3FE}.Release|Any CPU.ActiveCfg = Release|Any CPU
		{659AC650-EC65-400D-8190-2D2F2E53E3FE}.Release|Any CPU.Build.0 = Release|Any CPU
		{18FCAE35-262E-4E60-91C8-27777955ABDC}.Debug|Any CPU.ActiveCfg = Debug|Any CPU
		{18FCAE35-262E-4E60-91C8-27777955ABDC}.Debug|Any CPU.Build.0 = Debug|Any CPU
		{18FCAE35-262E-4E60-91C8-27777955ABDC}.Release|Any CPU.ActiveCfg = Release|Any CPU
		{18FCAE35-262E-4E60-91C8-27777955ABDC}.Release|Any CPU.Build.0 = Release|Any CPU
		{AA2E4082-C7AF-4B8D-8AF2-0434011A7D8C}.Debug|Any CPU.ActiveCfg = Debug|Any CPU
		{AA2E4082-C7AF-4B8D-8AF2-0434011A7D8C}.Debug|Any CPU.Build.0 = Debug|Any CPU
		{AA2E4082-C7AF-4B8D-8AF2-0434011A7D8C}.Release|Any CPU.ActiveCfg = Release|Any CPU
		{AA2E4082-C7AF-4B8D-8AF2-0434011A7D8C}.Release|Any CPU.Build.0 = Release|Any CPU
	EndGlobalSection
	GlobalSection(SolutionProperties) = preSolution
		HideSolutionNode = FALSE
	EndGlobalSection
	GlobalSection(NestedProjects) = preSolution
		{0517B128-6C5E-4F2D-A0CB-079D4F983B51} = {804F814D-2B97-45FF-8AAD-F42BD0212EC9}
		{DDB769CF-04C4-4BE4-939A-43927E1C242E} = {0517B128-6C5E-4F2D-A0CB-079D4F983B51}
		{DA74F38E-F978-4A29-ACA3-2C454EFB33C7} = {76C7EAE5-786E-479C-AFF8-660F8B1E9960}
		{D4767A41-331A-4D7E-A250-A84F98DD0A77} = {804F814D-2B97-45FF-8AAD-F42BD0212EC9}
		{E6988006-1AB8-4E18-9609-115FB3E4DE48} = {D4767A41-331A-4D7E-A250-A84F98DD0A77}
		{96B24065-9052-4039-BD2E-E23AF0DCBFB8} = {804F814D-2B97-45FF-8AAD-F42BD0212EC9}
		{B3C113F5-5A5E-4362-B0A0-64664C4B5A14} = {96B24065-9052-4039-BD2E-E23AF0DCBFB8}
		{284900D1-5655-4ADF-8728-1FF227902DB0} = {804F814D-2B97-45FF-8AAD-F42BD0212EC9}
		{0BD3B8EB-71A1-4788-9D62-70CD132B2741} = {284900D1-5655-4ADF-8728-1FF227902DB0}
		{D3A0B3E1-8227-40D0-9E91-56723993A0F3} = {804F814D-2B97-45FF-8AAD-F42BD0212EC9}
		{FF284AB8-C0FF-4C2A-8917-A1919AE27023} = {D3A0B3E1-8227-40D0-9E91-56723993A0F3}
		{E9387DD5-41F5-493D-9F43-FFE4C9ADBC9A} = {804F814D-2B97-45FF-8AAD-F42BD0212EC9}
		{358FE35C-9833-4299-95B5-2952E2E73FF6} = {E9387DD5-41F5-493D-9F43-FFE4C9ADBC9A}
		{6C8E7FFB-7E85-4A4E-BC26-3F0FA34CF930} = {76C7EAE5-786E-479C-AFF8-660F8B1E9960}
		{0278A54D-FC27-4E1B-B7BD-E72C185B8F2B} = {804F814D-2B97-45FF-8AAD-F42BD0212EC9}
		{82093A47-CAC5-4938-9F76-ECEA6CC3AA28} = {0278A54D-FC27-4E1B-B7BD-E72C185B8F2B}
		{82B398E2-D1CF-41FA-988D-E38E98C5BFEF} = {804F814D-2B97-45FF-8AAD-F42BD0212EC9}
		{A1E032DB-FE13-428C-BD34-8D1055415826} = {82B398E2-D1CF-41FA-988D-E38E98C5BFEF}
		{A0A61E2C-14DB-4C69-8664-073A2328009A} = {804F814D-2B97-45FF-8AAD-F42BD0212EC9}
		{659AC650-EC65-400D-8190-2D2F2E53E3FE} = {A0A61E2C-14DB-4C69-8664-073A2328009A}
		{18FCAE35-262E-4E60-91C8-27777955ABDC} = {B5B14763-D805-4D0C-B321-98FBA8356210}
		{AA2E4082-C7AF-4B8D-8AF2-0434011A7D8C} = {82B398E2-D1CF-41FA-988D-E38E98C5BFEF}
	EndGlobalSection
	GlobalSection(ExtensibilityGlobals) = postSolution
		SolutionGuid = {3E2F3DE8-DF14-4833-AB7E-6C3B9B324CEB}
	EndGlobalSection
EndGlobal
